// !$*UTF8*$!
{
	archiveVersion = 1;
	classes = {
	};
	objectVersion = 77;
	objects = {

/* Begin PBXContainerItemProxy section */
		416801462DF28E5B0055CF12 /* PBXContainerItemProxy */ = {
			isa = PBXContainerItemProxy;
			containerPortal = 416801302DF28E5A0055CF12 /* Project object */;
			proxyType = 1;
			remoteGlobalIDString = 416801372DF28E5A0055CF12;
			remoteInfo = PerfusionPro;
		};
		416801502DF28E5B0055CF12 /* PBXContainerItemProxy */ = {
			isa = PBXContainerItemProxy;
			containerPortal = 416801302DF28E5A0055CF12 /* Project object */;
			proxyType = 1;
			remoteGlobalIDString = 416801372DF28E5A0055CF12;
			remoteInfo = PerfusionPro;
		};
/* End PBXContainerItemProxy section */

/* Begin PBXFileReference section */
		416801382DF28E5A0055CF12 /* PerfusionPro.app */ = {isa = PBXFileReference; explicitFileType = wrapper.application; includeInIndex = 0; path = PerfusionPro.app; sourceTree = BUILT_PRODUCTS_DIR; };
		416801452DF28E5B0055CF12 /* PerfusionProTests.xctest */ = {isa = PBXFileReference; explicitFileType = wrapper.cfbundle; includeInIndex = 0; path = PerfusionProTests.xctest; sourceTree = BUILT_PRODUCTS_DIR; };
		4168014F2DF28E5B0055CF12 /* PerfusionProUITests.xctest */ = {isa = PBXFileReference; explicitFileType = wrapper.cfbundle; includeInIndex = 0; path = PerfusionProUITests.xctest; sourceTree = BUILT_PRODUCTS_DIR; };
/* End PBXFileReference section */

/* Begin PBXFileSystemSynchronizedBuildFileExceptionSet section */
		41BAECB82DF3B0B500DA36D4 /* Exceptions for "PerfusionPro" folder in "PerfusionPro" target */ = {
			isa = PBXFileSystemSynchronizedBuildFileExceptionSet;
			membershipExceptions = (
				Resources/Assets.xcassets,
			);
			target = 416801372DF28E5A0055CF12 /* PerfusionPro */;
		};
/* End PBXFileSystemSynchronizedBuildFileExceptionSet section */

/* Begin PBXFileSystemSynchronizedGroupBuildPhaseMembershipExceptionSet section */
		41BAECB92DF3B0B500DA36D4 /* Exceptions for "PerfusionPro" folder in "Compile Sources" phase from "PerfusionPro" target */ = {
			isa = PBXFileSystemSynchronizedGroupBuildPhaseMembershipExceptionSet;
			buildPhase = 416801342DF28E5A0055CF12 /* Sources */;
			membershipExceptions = (
				Resources/Assets.xcassets,
			);
		};
/* End PBXFileSystemSynchronizedGroupBuildPhaseMembershipExceptionSet section */

/* Begin PBXFileSystemSynchronizedRootGroup section */
		416801482DF28E5B0055CF12 /* PerfusionProTests */ = {
			isa = PBXFileSystemSynchronizedRootGroup;
			path = PerfusionProTests;
			sourceTree = "<group>";
		};
		416801522DF28E5B0055CF12 /* PerfusionProUITests */ = {
			isa = PBXFileSystemSynchronizedRootGroup;
			path = PerfusionProUITests;
			sourceTree = "<group>";
		};
		C190FF272DF3540400314218 /* Future Features */ = {
			isa = PBXFileSystemSynchronizedRootGroup;
			path = "Future Features";
			sourceTree = "<group>";
		};
		C190FF382DF3542100314218 /* PerfusionPro */ = {
			isa = PBXFileSystemSynchronizedRootGroup;
			exceptions = (
				41BAECB82DF3B0B500DA36D4 /* Exceptions for "PerfusionPro" folder in "PerfusionPro" target */,
				41BAECB92DF3B0B500DA36D4 /* Exceptions for "PerfusionPro" folder in "Compile Sources" phase from "PerfusionPro" target */,
			);
			path = PerfusionPro;
			sourceTree = "<group>";
		};
/* End PBXFileSystemSynchronizedRootGroup section */

/* Begin PBXFrameworksBuildPhase section */
		416801352DF28E5A0055CF12 /* Frameworks */ = {
			isa = PBXFrameworksBuildPhase;
			buildActionMask = 2147483647;
			files = (
			);
			runOnlyForDeploymentPostprocessing = 0;
		};
		416801422DF28E5B0055CF12 /* Frameworks */ = {
			isa = PBXFrameworksBuildPhase;
			buildActionMask = 2147483647;
			files = (
			);
			runOnlyForDeploymentPostprocessing = 0;
		};
		4168014C2DF28E5B0055CF12 /* Frameworks */ = {
			isa = PBXFrameworksBuildPhase;
			buildActionMask = 2147483647;
			files = (
			);
			runOnlyForDeploymentPostprocessing = 0;
		};
/* End PBXFrameworksBuildPhase section */

/* Begin PBXGroup section */
		4168012F2DF28E5A0055CF12 = {
			isa = PBXGroup;
			children = (
				C190FF382DF3542100314218 /* PerfusionPro */,
				C190FF272DF3540400314218 /* Future Features */,
				416801482DF28E5B0055CF12 /* PerfusionProTests */,
				416801522DF28E5B0055CF12 /* PerfusionProUITests */,
				416801392DF28E5A0055CF12 /* Products */,
			);
			sourceTree = "<group>";
		};
		416801392DF28E5A0055CF12 /* Products */ = {
			isa = PBXGroup;
			children = (
				416801382DF28E5A0055CF12 /* PerfusionPro.app */,
				416801452DF28E5B0055CF12 /* PerfusionProTests.xctest */,
				4168014F2DF28E5B0055CF12 /* PerfusionProUITests.xctest */,
			);
			name = Products;
			sourceTree = "<group>";
		};
/* End PBXGroup section */

/* Begin PBXNativeTarget section */
		416801372DF28E5A0055CF12 /* PerfusionPro */ = {
			isa = PBXNativeTarget;
			buildConfigurationList = 416801592DF28E5B0055CF12 /* Build configuration list for PBXNativeTarget "PerfusionPro" */;
			buildPhases = (
				416801342DF28E5A0055CF12 /* Sources */,
				416801352DF28E5A0055CF12 /* Frameworks */,
				416801362DF28E5A0055CF12 /* Resources */,
			);
			buildRules = (
			);
			dependencies = (
			);
			fileSystemSynchronizedGroups = (
				C190FF382DF3542100314218 /* PerfusionPro */,
			);
			name = PerfusionPro;
			packageProductDependencies = (
			);
			productName = PerfusionPro;
			productReference = 416801382DF28E5A0055CF12 /* PerfusionPro.app */;
			productType = "com.apple.product-type.application";
		};
		416801442DF28E5B0055CF12 /* PerfusionProTests */ = {
			isa = PBXNativeTarget;
			buildConfigurationList = 4168015C2DF28E5B0055CF12 /* Build configuration list for PBXNativeTarget "PerfusionProTests" */;
			buildPhases = (
				416801412DF28E5B0055CF12 /* Sources */,
				416801422DF28E5B0055CF12 /* Frameworks */,
				416801432DF28E5B0055CF12 /* Resources */,
			);
			buildRules = (
			);
			dependencies = (
				416801472DF28E5B0055CF12 /* PBXTargetDependency */,
			);
			fileSystemSynchronizedGroups = (
				416801482DF28E5B0055CF12 /* PerfusionProTests */,
			);
			name = PerfusionProTests;
			packageProductDependencies = (
			);
			productName = PerfusionProTests;
			productReference = 416801452DF28E5B0055CF12 /* PerfusionProTests.xctest */;
			productType = "com.apple.product-type.bundle.unit-test";
		};
		4168014E2DF28E5B0055CF12 /* PerfusionProUITests */ = {
			isa = PBXNativeTarget;
			buildConfigurationList = 4168015F2DF28E5B0055CF12 /* Build configuration list for PBXNativeTarget "PerfusionProUITests" */;
			buildPhases = (
				4168014B2DF28E5B0055CF12 /* Sources */,
				4168014C2DF28E5B0055CF12 /* Frameworks */,
				4168014D2DF28E5B0055CF12 /* Resources */,
			);
			buildRules = (
			);
			dependencies = (
				416801512DF28E5B0055CF12 /* PBXTargetDependency */,
			);
			fileSystemSynchronizedGroups = (
				416801522DF28E5B0055CF12 /* PerfusionProUITests */,
			);
			name = PerfusionProUITests;
			packageProductDependencies = (
			);
			productName = PerfusionProUITests;
			productReference = 4168014F2DF28E5B0055CF12 /* PerfusionProUITests.xctest */;
			productType = "com.apple.product-type.bundle.ui-testing";
		};
/* End PBXNativeTarget section */

/* Begin PBXProject section */
		416801302DF28E5A0055CF12 /* Project object */ = {
			isa = PBXProject;
			attributes = {
				BuildIndependentTargetsInParallel = 1;
				LastSwiftUpdateCheck = 1640;
				LastUpgradeCheck = 1640;
				ORGANIZATIONNAME = NEDS;
				TargetAttributes = {
					416801372DF28E5A0055CF12 = {
						CreatedOnToolsVersion = 16.4;
					};
					416801442DF28E5B0055CF12 = {
						CreatedOnToolsVersion = 16.4;
						TestTargetID = 416801372DF28E5A0055CF12;
					};
					4168014E2DF28E5B0055CF12 = {
						CreatedOnToolsVersion = 16.4;
						TestTargetID = 416801372DF28E5A0055CF12;
					};
				};
			};
			buildConfigurationList = 416801332DF28E5A0055CF12 /* Build configuration list for PBXProject "PerfusionPro" */;
			developmentRegion = en;
			hasScannedForEncodings = 0;
			knownRegions = (
				en,
				Base,
			);
			mainGroup = 4168012F2DF28E5A0055CF12;
			minimizedProjectReferenceProxies = 1;
			preferredProjectObjectVersion = 77;
			productRefGroup = 416801392DF28E5A0055CF12 /* Products */;
			projectDirPath = "";
			projectRoot = "";
			targets = (
				416801372DF28E5A0055CF12 /* PerfusionPro */,
				416801442DF28E5B0055CF12 /* PerfusionProTests */,
				4168014E2DF28E5B0055CF12 /* PerfusionProUITests */,
			);
		};
/* End PBXProject section */

/* Begin PBXResourcesBuildPhase section */
		416801362DF28E5A0055CF12 /* Resources */ = {
			isa = PBXResourcesBuildPhase;
			buildActionMask = 2147483647;
			files = (
			);
			runOnlyForDeploymentPostprocessing = 0;
		};
		416801432DF28E5B0055CF12 /* Resources */ = {
			isa = PBXResourcesBuildPhase;
			buildActionMask = 2147483647;
			files = (
			);
			runOnlyForDeploymentPostprocessing = 0;
		};
		4168014D2DF28E5B0055CF12 /* Resources */ = {
			isa = PBXResourcesBuildPhase;
			buildActionMask = 2147483647;
			files = (
			);
			runOnlyForDeploymentPostprocessing = 0;
		};
/* End PBXResourcesBuildPhase section */

/* Begin PBXSourcesBuildPhase section */
		416801342DF28E5A0055CF12 /* Sources */ = {
			isa = PBXSourcesBuildPhase;
			buildActionMask = 2147483647;
			files = (
			);
			runOnlyForDeploymentPostprocessing = 0;
		};
		416801412DF28E5B0055CF12 /* Sources */ = {
			isa = PBXSourcesBuildPhase;
			buildActionMask = 2147483647;
			files = (
			);
			runOnlyForDeploymentPostprocessing = 0;
		};
		4168014B2DF28E5B0055CF12 /* Sources */ = {
			isa = PBXSourcesBuildPhase;
			buildActionMask = 2147483647;
			files = (
			);
			runOnlyForDeploymentPostprocessing = 0;
		};
/* End PBXSourcesBuildPhase section */

/* Begin PBXTargetDependency section */
		416801472DF28E5B0055CF12 /* PBXTargetDependency */ = {
			isa = PBXTargetDependency;
			target = 416801372DF28E5A0055CF12 /* PerfusionPro */;
			targetProxy = 416801462DF28E5B0055CF12 /* PBXContainerItemProxy */;
		};
		416801512DF28E5B0055CF12 /* PBXTargetDependency */ = {
			isa = PBXTargetDependency;
			target = 416801372DF28E5A0055CF12 /* PerfusionPro */;
			targetProxy = 416801502DF28E5B0055CF12 /* PBXContainerItemProxy */;
		};
/* End PBXTargetDependency section */

/* Begin XCBuildConfiguration section */
		416801572DF28E5B0055CF12 /* Debug */ = {
			isa = XCBuildConfiguration;
			buildSettings = {
				ALWAYS_SEARCH_USER_PATHS = NO;
				ASSETCATALOG_COMPILER_GENERATE_SWIFT_ASSET_SYMBOL_EXTENSIONS = YES;
				CLANG_ANALYZER_NONNULL = YES;
				CLANG_ANALYZER_NUMBER_OBJECT_CONVERSION = YES_AGGRESSIVE;
				CLANG_CXX_LANGUAGE_STANDARD = "gnu++20";
				CLANG_ENABLE_MODULES = YES;
				CLANG_ENABLE_OBJC_ARC = YES;
				CLANG_ENABLE_OBJC_WEAK = YES;
				CLANG_WARN_BLOCK_CAPTURE_AUTORELEASING = YES;
				CLANG_WARN_BOOL_CONVERSION = YES;
				CLANG_WARN_COMMA = YES;
				CLANG_WARN_CONSTANT_CONVERSION = YES;
				CLANG_WARN_DEPRECATED_OBJC_IMPLEMENTATIONS = YES;
				CLANG_WARN_DIRECT_OBJC_ISA_USAGE = YES_ERROR;
				CLANG_WARN_DOCUMENTATION_COMMENTS = YES;
				CLANG_WARN_EMPTY_BODY = YES;
				CLANG_WARN_ENUM_CONVERSION = YES;
				CLANG_WARN_INFINITE_RECURSION = YES;
				CLANG_WARN_INT_CONVERSION = YES;
				CLANG_WARN_NON_LITERAL_NULL_CONVERSION = YES;
				CLANG_WARN_OBJC_IMPLICIT_RETAIN_SELF = YES;
				CLANG_WARN_OBJC_LITERAL_CONVERSION = YES;
				CLANG_WARN_OBJC_ROOT_CLASS = YES_ERROR;
				CLANG_WARN_QUOTED_INCLUDE_IN_FRAMEWORK_HEADER = YES;
				CLANG_WARN_RANGE_LOOP_ANALYSIS = YES;
				CLANG_WARN_STRICT_PROTOTYPES = YES;
				CLANG_WARN_SUSPICIOUS_MOVE = YES;
				CLANG_WARN_UNGUARDED_AVAILABILITY = YES_AGGRESSIVE;
				CLANG_WARN_UNREACHABLE_CODE = YES;
				CLANG_WARN__DUPLICATE_METHOD_MATCH = YES;
				COPY_PHASE_STRIP = NO;
				DEBUG_INFORMATION_FORMAT = dwarf;
				DEVELOPMENT_TEAM = QQJCNC2H5P;
				ENABLE_STRICT_OBJC_MSGSEND = YES;
				ENABLE_TESTABILITY = YES;
				ENABLE_USER_SCRIPT_SANDBOXING = YES;
				GCC_C_LANGUAGE_STANDARD = gnu17;
				GCC_DYNAMIC_NO_PIC = NO;
				GCC_NO_COMMON_BLOCKS = YES;
				GCC_OPTIMIZATION_LEVEL = 0;
				GCC_PREPROCESSOR_DEFINITIONS = (
					"DEBUG=1",
					"$(inherited)",
				);
				GCC_WARN_64_TO_32_BIT_CONVERSION = YES;
				GCC_WARN_ABOUT_RETURN_TYPE = YES_ERROR;
				GCC_WARN_UNDECLARED_SELECTOR = YES;
				GCC_WARN_UNINITIALIZED_AUTOS = YES_AGGRESSIVE;
				GCC_WARN_UNUSED_FUNCTION = YES;
				GCC_WARN_UNUSED_VARIABLE = YES;
				IPHONEOS_DEPLOYMENT_TARGET = 18.5;
				LOCALIZATION_PREFERS_STRING_CATALOGS = YES;
				MTL_ENABLE_DEBUG_INFO = INCLUDE_SOURCE;
				MTL_FAST_MATH = YES;
				ONLY_ACTIVE_ARCH = YES;
				SDKROOT = iphoneos;
				SWIFT_ACTIVE_COMPILATION_CONDITIONS = "DEBUG $(inherited)";
				SWIFT_OPTIMIZATION_LEVEL = "-Onone";
			};
			name = Debug;
		};
		416801582DF28E5B0055CF12 /* Release */ = {
			isa = XCBuildConfiguration;
			buildSettings = {
				ALWAYS_SEARCH_USER_PATHS = NO;
				ASSETCATALOG_COMPILER_GENERATE_SWIFT_ASSET_SYMBOL_EXTENSIONS = YES;
				CLANG_ANALYZER_NONNULL = YES;
				CLANG_ANALYZER_NUMBER_OBJECT_CONVERSION = YES_AGGRESSIVE;
				CLANG_CXX_LANGUAGE_STANDARD = "gnu++20";
				CLANG_ENABLE_MODULES = YES;
				CLANG_ENABLE_OBJC_ARC = YES;
				CLANG_ENABLE_OBJC_WEAK = YES;
				CLANG_WARN_BLOCK_CAPTURE_AUTORELEASING = YES;
				CLANG_WARN_BOOL_CONVERSION = YES;
				CLANG_WARN_COMMA = YES;
				CLANG_WARN_CONSTANT_CONVERSION = YES;
				CLANG_WARN_DEPRECATED_OBJC_IMPLEMENTATIONS = YES;
				CLANG_WARN_DIRECT_OBJC_ISA_USAGE = YES_ERROR;
				CLANG_WARN_DOCUMENTATION_COMMENTS = YES;
				CLANG_WARN_EMPTY_BODY = YES;
				CLANG_WARN_ENUM_CONVERSION = YES;
				CLANG_WARN_INFINITE_RECURSION = YES;
				CLANG_WARN_INT_CONVERSION = YES;
				CLANG_WARN_NON_LITERAL_NULL_CONVERSION = YES;
				CLANG_WARN_OBJC_IMPLICIT_RETAIN_SELF = YES;
				CLANG_WARN_OBJC_LITERAL_CONVERSION = YES;
				CLANG_WARN_OBJC_ROOT_CLASS = YES_ERROR;
				CLANG_WARN_QUOTED_INCLUDE_IN_FRAMEWORK_HEADER = YES;
				CLANG_WARN_RANGE_LOOP_ANALYSIS = YES;
				CLANG_WARN_STRICT_PROTOTYPES = YES;
				CLANG_WARN_SUSPICIOUS_MOVE = YES;
				CLANG_WARN_UNGUARDED_AVAILABILITY = YES_AGGRESSIVE;
				CLANG_WARN_UNREACHABLE_CODE = YES;
				CLANG_WARN__DUPLICATE_METHOD_MATCH = YES;
				COPY_PHASE_STRIP = NO;
				DEBUG_INFORMATION_FORMAT = "dwarf-with-dsym";
				DEVELOPMENT_TEAM = QQJCNC2H5P;
				ENABLE_NS_ASSERTIONS = NO;
				ENABLE_STRICT_OBJC_MSGSEND = YES;
				ENABLE_USER_SCRIPT_SANDBOXING = YES;
				GCC_C_LANGUAGE_STANDARD = gnu17;
				GCC_NO_COMMON_BLOCKS = YES;
				GCC_WARN_64_TO_32_BIT_CONVERSION = YES;
				GCC_WARN_ABOUT_RETURN_TYPE = YES_ERROR;
				GCC_WARN_UNDECLARED_SELECTOR = YES;
				GCC_WARN_UNINITIALIZED_AUTOS = YES_AGGRESSIVE;
				GCC_WARN_UNUSED_FUNCTION = YES;
				GCC_WARN_UNUSED_VARIABLE = YES;
				IPHONEOS_DEPLOYMENT_TARGET = 18.5;
				LOCALIZATION_PREFERS_STRING_CATALOGS = YES;
				MTL_ENABLE_DEBUG_INFO = NO;
				MTL_FAST_MATH = YES;
				SDKROOT = iphoneos;
				SWIFT_COMPILATION_MODE = wholemodule;
				VALIDATE_PRODUCT = YES;
			};
			name = Release;
		};
		4168015A2DF28E5B0055CF12 /* Debug */ = {
			isa = XCBuildConfiguration;
			buildSettings = {
				ASSETCATALOG_COMPILER_APPICON_NAME = AppIcon;
				ASSETCATALOG_COMPILER_GLOBAL_ACCENT_COLOR_NAME = AccentColor;
				CODE_SIGN_STYLE = Automatic;
				CURRENT_PROJECT_VERSION = 1;
				DEVELOPMENT_TEAM = QQJCNC2H5P;
				ENABLE_PREVIEWS = YES;
				GENERATE_INFOPLIST_FILE = YES;
				INFOPLIST_KEY_UIApplicationSceneManifest_Generation = YES;
				INFOPLIST_KEY_UIApplicationSupportsIndirectInputEvents = YES;
				INFOPLIST_KEY_UILaunchScreen_Generation = YES;
				INFOPLIST_KEY_UISupportedInterfaceOrientations_iPad = "UIInterfaceOrientationPortrait UIInterfaceOrientationPortraitUpsideDown UIInterfaceOrientationLandscapeLeft UIInterfaceOrientationLandscapeRight";
				INFOPLIST_KEY_UISupportedInterfaceOrientations_iPhone = "UIInterfaceOrientationPortrait UIInterfaceOrientationLandscapeLeft UIInterfaceOrientationLandscapeRight";
				LD_RUNPATH_SEARCH_PATHS = (
					"$(inherited)",
					"@executable_path/Frameworks",
				);
				MARKETING_VERSION = 1.0;
				PRODUCT_BUNDLE_IDENTIFIER = com.neds.perfusionpro.PerfusionPro;
				PRODUCT_NAME = "$(TARGET_NAME)";
				SUPPORTED_PLATFORMS = "iphoneos iphonesimulator";
				SUPPORTS_MACCATALYST = NO;
				SUPPORTS_MAC_DESIGNED_FOR_IPHONE_IPAD = NO;
				SUPPORTS_XR_DESIGNED_FOR_IPHONE_IPAD = NO;
				SWIFT_EMIT_LOC_STRINGS = YES;
				SWIFT_VERSION = 5.0;
				TARGETED_DEVICE_FAMILY = 2;
			};
			name = Debug;
		};
		4168015B2DF28E5B0055CF12 /* Release */ = {
			isa = XCBuildConfiguration;
			buildSettings = {
				ASSETCATALOG_COMPILER_APPICON_NAME = AppIcon;
				ASSETCATALOG_COMPILER_GLOBAL_ACCENT_COLOR_NAME = AccentColor;
				CODE_SIGN_STYLE = Automatic;
				CURRENT_PROJECT_VERSION = 1;
				DEVELOPMENT_TEAM = QQJCNC2H5P;
				ENABLE_PREVIEWS = YES;
				GENERATE_INFOPLIST_FILE = YES;
				INFOPLIST_KEY_UIApplicationSceneManifest_Generation = YES;
				INFOPLIST_KEY_UIApplicationSupportsIndirectInputEvents = YES;
				INFOPLIST_KEY_UILaunchScreen_Generation = YES;
				INFOPLIST_KEY_UISupportedInterfaceOrientations_iPad = "UIInterfaceOrientationPortrait UIInterfaceOrientationPortraitUpsideDown UIInterfaceOrientationLandscapeLeft UIInterfaceOrientationLandscapeRight";
				INFOPLIST_KEY_UISupportedInterfaceOrientations_iPhone = "UIInterfaceOrientationPortrait UIInterfaceOrientationLandscapeLeft UIInterfaceOrientationLandscapeRight";
				LD_RUNPATH_SEARCH_PATHS = (
					"$(inherited)",
					"@executable_path/Frameworks",
				);
				MARKETING_VERSION = 1.0;
				PRODUCT_BUNDLE_IDENTIFIER = com.neds.perfusionpro.PerfusionPro;
				PRODUCT_NAME = "$(TARGET_NAME)";
				SUPPORTED_PLATFORMS = "iphoneos iphonesimulator";
				SUPPORTS_MACCATALYST = NO;
				SUPPORTS_MAC_DESIGNED_FOR_IPHONE_IPAD = NO;
				SUPPORTS_XR_DESIGNED_FOR_IPHONE_IPAD = NO;
				SWIFT_EMIT_LOC_STRINGS = YES;
				SWIFT_VERSION = 5.0;
				TARGETED_DEVICE_FAMILY = 2;
			};
			name = Release;
		};
		4168015D2DF28E5B0055CF12 /* Debug */ = {
			isa = XCBuildConfiguration;
			buildSettings = {
				BUNDLE_LOADER = "$(TEST_HOST)";
				CODE_SIGN_STYLE = Automatic;
				CURRENT_PROJECT_VERSION = 1;
				DEVELOPMENT_TEAM = QQJCNC2H5P;
				GENERATE_INFOPLIST_FILE = YES;
				IPHONEOS_DEPLOYMENT_TARGET = 18.5;
				MARKETING_VERSION = 1.0;
				PRODUCT_BUNDLE_IDENTIFIER = com.neds.perfusionpro.PerfusionProTests;
				PRODUCT_NAME = "$(TARGET_NAME)";
				SWIFT_EMIT_LOC_STRINGS = NO;
				SWIFT_VERSION = 5.0;
				TARGETED_DEVICE_FAMILY = "1,2";
				TEST_HOST = "$(BUILT_PRODUCTS_DIR)/PerfusionPro.app/$(BUNDLE_EXECUTABLE_FOLDER_PATH)/PerfusionPro";
			};
			name = Debug;
		};
		4168015E2DF28E5B0055CF12 /* Release */ = {
			isa = XCBuildConfiguration;
			buildSettings = {
				BUNDLE_LOADER = "$(TEST_HOST)";
				CODE_SIGN_STYLE = Automatic;
				CURRENT_PROJECT_VERSION = 1;
				DEVELOPMENT_TEAM = QQJCNC2H5P;
				GENERATE_INFOPLIST_FILE = YES;
				IPHONEOS_DEPLOYMENT_TARGET = 18.5;
				MARKETING_VERSION = 1.0;
				PRODUCT_BUNDLE_IDENTIFIER = com.neds.perfusionpro.PerfusionProTests;
				PRODUCT_NAME = "$(TARGET_NAME)";
				SWIFT_EMIT_LOC_STRINGS = NO;
				SWIFT_VERSION = 5.0;
				TARGETED_DEVICE_FAMILY = "1,2";
				TEST_HOST = "$(BUILT_PRODUCTS_DIR)/PerfusionPro.app/$(BUNDLE_EXECUTABLE_FOLDER_PATH)/PerfusionPro";
			};
			name = Release;
		};
		416801602DF28E5B0055CF12 /* Debug */ = {
			isa = XCBuildConfiguration;
			buildSettings = {
				CODE_SIGN_STYLE = Automatic;
				CURRENT_PROJECT_VERSION = 1;
				DEVELOPMENT_TEAM = QQJCNC2H5P;
				GENERATE_INFOPLIST_FILE = YES;
				MARKETING_VERSION = 1.0;
				PRODUCT_BUNDLE_IDENTIFIER = com.neds.perfusionpro.PerfusionProUITests;
				PRODUCT_NAME = "$(TARGET_NAME)";
				SWIFT_EMIT_LOC_STRINGS = NO;
				SWIFT_VERSION = 5.0;
				TARGETED_DEVICE_FAMILY = "1,2";
				TEST_TARGET_NAME = PerfusionPro;
			};
			name = Debug;
		};
		416801612DF28E5B0055CF12 /* Release */ = {
			isa = XCBuildConfiguration;
			buildSettings = {
				CODE_SIGN_STYLE = Automatic;
				CURRENT_PROJECT_VERSION = 1;
				DEVELOPMENT_TEAM = QQJCNC2H5P;
				GENERATE_INFOPLIST_FILE = YES;
				MARKETING_VERSION = 1.0;
				PRODUCT_BUNDLE_IDENTIFIER = com.neds.perfusionpro.PerfusionProUITests;
				PRODUCT_NAME = "$(TARGET_NAME)";
				SWIFT_EMIT_LOC_STRINGS = NO;
				SWIFT_VERSION = 5.0;
				TARGETED_DEVICE_FAMILY = "1,2";
				TEST_TARGET_NAME = PerfusionPro;
			};
			name = Release;
		};
/* End XCBuildConfiguration section */

/* Begin XCConfigurationList section */
		416801332DF28E5A0055CF12 /* Build configuration list for PBXProject "PerfusionPro" */ = {
			isa = XCConfigurationList;
			buildConfigurations = (
				416801572DF28E5B0055CF12 /* Debug */,
				416801582DF28E5B0055CF12 /* Release */,
			);
			defaultConfigurationIsVisible = 0;
			defaultConfigurationName = Release;
		};
		416801592DF28E5B0055CF12 /* Build configuration list for PBXNativeTarget "PerfusionPro" */ = {
			isa = XCConfigurationList;
			buildConfigurations = (
				4168015A2DF28E5B0055CF12 /* Debug */,
				4168015B2DF28E5B0055CF12 /* Release */,
			);
			defaultConfigurationIsVisible = 0;
			defaultConfigurationName = Release;
		};
		4168015C2DF28E5B0055CF12 /* Build configuration list for PBXNativeTarget "PerfusionProTests" */ = {
			isa = XCConfigurationList;
			buildConfigurations = (
				4168015D2DF28E5B0055CF12 /* Debug */,
				4168015E2DF28E5B0055CF12 /* Release */,
			);
			defaultConfigurationIsVisible = 0;
			defaultConfigurationName = Release;
		};
		4168015F2DF28E5B0055CF12 /* Build configuration list for PBXNativeTarget "PerfusionProUITests" */ = {
			isa = XCConfigurationList;
			buildConfigurations = (
				416801602DF28E5B0055CF12 /* Debug */,
				416801612DF28E5B0055CF12 /* Release */,
			);
			defaultConfigurationIsVisible = 0;
			defaultConfigurationName = Release;
		};
/* End XCConfigurationList section */
	};
	rootObject = 416801302DF28E5A0055CF12 /* Project object */;
}
